
Microsoft Visual Studio Solution File, Format Version 12.00
# Visual Studio Version 17
VisualStudioVersion = 17.0.31825.309
MinimumVisualStudioVersion = 10.0.40219.1
Project("{9A19103F-16F7-4668-BE54-9A1E7A4F7556}") = "NetCore.Web", "NetCore.Web\NetCore.Web.csproj", "{EC2C99A4-8828-49B2-9A62-950B2F66F924}"
EndProject
Project("{9A19103F-16F7-4668-BE54-9A1E7A4F7556}") = "NetCore.Model", "NetCore.Model\NetCore.Model.csproj", "{B757C1A2-80F0-411E-B493-9E9BE7CEF7B6}"
EndProject
Project("{9A19103F-16F7-4668-BE54-9A1E7A4F7556}") = "NetCore.Dependencies", "NetCore.Dependencies\NetCore.Dependencies.csproj", "{F3197EEF-710C-4B8B-AC20-E46DCFA96C24}"
EndProject
Project("{9A19103F-16F7-4668-BE54-9A1E7A4F7556}") = "NetCore.Service", "NetCore.Service\NetCore.Service.csproj", "{98061A8C-8877-41EA-B01B-81B1EAC12C56}"
EndProject
Project("{9A19103F-16F7-4668-BE54-9A1E7A4F7556}") = "NetCore.Test", "NetCore.Test\NetCore.Test.csproj", "{344EC862-458D-4909-B859-BE4D93E0E0E2}"
EndProject
Project("{9092AA53-FB77-4645-B42D-1CCCA6BD08BD}") = "NetCore.Web.Front", "NetCore.Web.Front\NetCore.Web.Front.njsproj", "{4532C3C9-6685-4391-9F64-70E7B0873EEF}"
EndProject
Global
	GlobalSection(SolutionConfigurationPlatforms) = preSolution
		Debug|Any CPU = Debug|Any CPU
		Release|Any CPU = Release|Any CPU
	EndGlobalSection
	GlobalSection(ProjectConfigurationPlatforms) = postSolution
		{EC2C99A4-8828-49B2-9A62-950B2F66F924}.Debug|Any CPU.ActiveCfg = Debug|Any CPU
		{EC2C99A4-8828-49B2-9A62-950B2F66F924}.Debug|Any CPU.Build.0 = Debug|Any CPU
		{EC2C99A4-8828-49B2-9A62-950B2F66F924}.Release|Any CPU.ActiveCfg = Release|Any CPU
		{EC2C99A4-8828-49B2-9A62-950B2F66F924}.Release|Any CPU.Build.0 = Release|Any CPU
		{B757C1A2-80F0-411E-B493-9E9BE7CEF7B6}.Debug|Any CPU.ActiveCfg = Debug|Any CPU
		{B757C1A2-80F0-411E-B493-9E9BE7CEF7B6}.Debug|Any CPU.Build.0 = Debug|Any CPU
		{B757C1A2-80F0-411E-B493-9E9BE7CEF7B6}.Release|Any CPU.ActiveCfg = Release|Any CPU
		{B757C1A2-80F0-411E-B493-9E9BE7CEF7B6}.Release|Any CPU.Build.0 = Release|Any CPU
		{F3197EEF-710C-4B8B-AC20-E46DCFA96C24}.Debug|Any CPU.ActiveCfg = Debug|Any CPU
		{F3197EEF-710C-4B8B-AC20-E46DCFA96C24}.Debug|Any CPU.Build.0 = Debug|Any CPU
		{F3197EEF-710C-4B8B-AC20-E46DCFA96C24}.Release|Any CPU.ActiveCfg = Release|Any CPU
		{F3197EEF-710C-4B8B-AC20-E46DCFA96C24}.Release|Any CPU.Build.0 = Release|Any CPU
		{98061A8C-8877-41EA-B01B-81B1EAC12C56}.Debug|Any CPU.ActiveCfg = Debug|Any CPU
		{98061A8C-8877-41EA-B01B-81B1EAC12C56}.Debug|Any CPU.Build.0 = Debug|Any CPU
		{98061A8C-8877-41EA-B01B-81B1EAC12C56}.Release|Any CPU.ActiveCfg = Release|Any CPU
		{98061A8C-8877-41EA-B01B-81B1EAC12C56}.Release|Any CPU.Build.0 = Release|Any CPU
		{344EC862-458D-4909-B859-BE4D93E0E0E2}.Debug|Any CPU.ActiveCfg = Debug|Any CPU
		{344EC862-458D-4909-B859-BE4D93E0E0E2}.Debug|Any CPU.Build.0 = Debug|Any CPU
		{344EC862-458D-4909-B859-BE4D93E0E0E2}.Release|Any CPU.ActiveCfg = Release|Any CPU
		{344EC862-458D-4909-B859-BE4D93E0E0E2}.Release|Any CPU.Build.0 = Release|Any CPU
		{4532C3C9-6685-4391-9F64-70E7B0873EEF}.Debug|Any CPU.ActiveCfg = Debug|Any CPU
		{4532C3C9-6685-4391-9F64-70E7B0873EEF}.Debug|Any CPU.Build.0 = Debug|Any CPU
		{4532C3C9-6685-4391-9F64-70E7B0873EEF}.Release|Any CPU.ActiveCfg = Release|Any CPU
		{4532C3C9-6685-4391-9F64-70E7B0873EEF}.Release|Any CPU.Build.0 = Release|Any CPU
	EndGlobalSection
	GlobalSection(SolutionProperties) = preSolution
		HideSolutionNode = FALSE
	EndGlobalSection
	GlobalSection(ExtensibilityGlobals) = postSolution
		SolutionGuid = {AF43CE8D-B733-4C55-A966-A9B963677DC4}
	EndGlobalSection
EndGlobal
